
Microsoft Visual Studio Solution File, Format Version 12.00
# Visual Studio Version 17
VisualStudioVersion = 17.8.34330.188
MinimumVisualStudioVersion = 10.0.40219.1
Project("{9A19103F-16F7-4668-BE54-9A1E7A4F7556}") = "WebApplicationAPI", "WebApplicationAPI\WebApplicationAPI.csproj", "{C984B62D-3C94-454B-B11E-F6D88CB8BBA3}"
EndProject
Project("{2150E333-8FDC-42A3-9474-1A3956D46DE8}") = "Tests", "Tests", "{B13A405A-0FE1-4CD5-807E-996F54AC4F59}"
EndProject
Project("{FAE04EC0-301F-11D3-BF4B-00C04F79EFBC}") = "WebApplication.UnitTests", "Tests\WebApplication.UnitTests\WebApplication.UnitTests.csproj", "{2B89C637-30BD-4223-8F90-ADC472B08422}"
EndProject
Global
	GlobalSection(SolutionConfigurationPlatforms) = preSolution
		Debug|Any CPU = Debug|Any CPU
		Release|Any CPU = Release|Any CPU
	EndGlobalSection
	GlobalSection(ProjectConfigurationPlatforms) = postSolution
		{C984B62D-3C94-454B-B11E-F6D88CB8BBA3}.Debug|Any CPU.ActiveCfg = Debug|Any CPU
		{C984B62D-3C94-454B-B11E-F6D88CB8BBA3}.Debug|Any CPU.Build.0 = Debug|Any CPU
		{C984B62D-3C94-454B-B11E-F6D88CB8BBA3}.Release|Any CPU.ActiveCfg = Release|Any CPU
		{C984B62D-3C94-454B-B11E-F6D88CB8BBA3}.Release|Any CPU.Build.0 = Release|Any CPU
		{2B89C637-30BD-4223-8F90-ADC472B08422}.Debug|Any CPU.ActiveCfg = Debug|Any CPU
		{2B89C637-30BD-4223-8F90-ADC472B08422}.Debug|Any CPU.Build.0 = Debug|Any CPU
		{2B89C637-30BD-4223-8F90-ADC472B08422}.Release|Any CPU.ActiveCfg = Release|Any CPU
		{2B89C637-30BD-4223-8F90-ADC472B08422}.Release|Any CPU.Build.0 = Release|Any CPU
	EndGlobalSection
	GlobalSection(SolutionProperties) = preSolution
		HideSolutionNode = FALSE
	EndGlobalSection
	GlobalSection(NestedProjects) = preSolution
		{2B89C637-30BD-4223-8F90-ADC472B08422} = {B13A405A-0FE1-4CD5-807E-996F54AC4F59}
	EndGlobalSection
	GlobalSection(ExtensibilityGlobals) = postSolution
		SolutionGuid = {BFE59E41-CE47-4A13-944C-5C7929E8984F}
	EndGlobalSection
EndGlobal
